
Microsoft Visual Studio Solution File, Format Version 12.00
# Visual Studio Version 17
VisualStudioVersion = 17.5.33516.290
MinimumVisualStudioVersion = 10.0.40219.1
Project("{2150E333-8FDC-42A3-9474-1A3956D46DE8}") = "Solution Items", "Solution Items", "{EF028118-9DCC-4344-B55B-77D5B3EFDA94}"
	ProjectSection(SolutionItems) = preProject
		About.html = About.html
		Contact.html = Contact.html
		index.html = index.html
	EndProjectSection
EndProject
Project("{2150E333-8FDC-42A3-9474-1A3956D46DE8}") = "images", "images", "{17410B5D-0AAF-4A2D-B5B8-A67F0CD73B4D}"
	ProjectSection(SolutionItems) = preProject
		kedicik.jpeg = kedicik.jpeg
	EndProjectSection
EndProject
Project("{FAE04EC0-301F-11D3-BF4B-00C04F79EFBC}") = "HTML Table", "HTML Table\HTML Table.csproj", "{F9BCEEBA-4E12-42A1-AA37-7AB10020A9DA}"
EndProject
Global
	GlobalSection(SolutionConfigurationPlatforms) = preSolution
		Debug|Any CPU = Debug|Any CPU
		Release|Any CPU = Release|Any CPU
	EndGlobalSection
	GlobalSection(ProjectConfigurationPlatforms) = postSolution
		{F9BCEEBA-4E12-42A1-AA37-7AB10020A9DA}.Debug|Any CPU.ActiveCfg = Debug|Any CPU
		{F9BCEEBA-4E12-42A1-AA37-7AB10020A9DA}.Debug|Any CPU.Build.0 = Debug|Any CPU
		{F9BCEEBA-4E12-42A1-AA37-7AB10020A9DA}.Release|Any CPU.ActiveCfg = Release|Any CPU
		{F9BCEEBA-4E12-42A1-AA37-7AB10020A9DA}.Release|Any CPU.Build.0 = Release|Any CPU
	EndGlobalSection
	GlobalSection(SolutionProperties) = preSolution
		HideSolutionNode = FALSE
	EndGlobalSection
	GlobalSection(NestedProjects) = preSolution
		{17410B5D-0AAF-4A2D-B5B8-A67F0CD73B4D} = {EF028118-9DCC-4344-B55B-77D5B3EFDA94}
	EndGlobalSection
	GlobalSection(ExtensibilityGlobals) = postSolution
		SolutionGuid = {3BE85955-84F1-4210-9D41-91E819800707}
	EndGlobalSection
EndGlobal
